// !$*UTF8*$!
{
	archiveVersion = 1;
	classes = {
	};
	objectVersion = 50;
	objects = {

/* Begin PBXBuildFile section */
		008777FC264D53C500296662 /* AppDelegate.swift in Sources */ = {isa = PBXBuildFile; fileRef = 008777FB264D53C500296662 /* AppDelegate.swift */; };
		008777FE264D53C500296662 /* SceneDelegate.swift in Sources */ = {isa = PBXBuildFile; fileRef = 008777FD264D53C500296662 /* SceneDelegate.swift */; };
		00877800264D53C500296662 /* ViewController.swift in Sources */ = {isa = PBXBuildFile; fileRef = 008777FF264D53C500296662 /* ViewController.swift */; };
		00877803264D53C500296662 /* Main.storyboard in Resources */ = {isa = PBXBuildFile; fileRef = 00877801264D53C500296662 /* Main.storyboard */; };
		00877805264D53C700296662 /* Assets.xcassets in Resources */ = {isa = PBXBuildFile; fileRef = 00877804264D53C700296662 /* Assets.xcassets */; };
		00877808264D53C700296662 /* LaunchScreen.storyboard in Resources */ = {isa = PBXBuildFile; fileRef = 00877806264D53C700296662 /* LaunchScreen.storyboard */; };
		00877811264D561A00296662 /* CookCreateViewController.swift in Sources */ = {isa = PBXBuildFile; fileRef = 00877810264D561A00296662 /* CookCreateViewController.swift */; };
		00877816264D5A0100296662 /* CoreData_HomeWork.xcdatamodeld in Sources */ = {isa = PBXBuildFile; fileRef = 00877814264D5A0100296662 /* CoreData_HomeWork.xcdatamodeld */; };
/* End PBXBuildFile section */

/* Begin PBXFileReference section */
		008777F8264D53C500296662 /* CoreData_HomeWork.app */ = {isa = PBXFileReference; explicitFileType = wrapper.application; includeInIndex = 0; path = CoreData_HomeWork.app; sourceTree = BUILT_PRODUCTS_DIR; };
		008777FB264D53C500296662 /* AppDelegate.swift */ = {isa = PBXFileReference; lastKnownFileType = sourcecode.swift; path = AppDelegate.swift; sourceTree = "<group>"; };
		008777FD264D53C500296662 /* SceneDelegate.swift */ = {isa = PBXFileReference; lastKnownFileType = sourcecode.swift; path = SceneDelegate.swift; sourceTree = "<group>"; };
		008777FF264D53C500296662 /* ViewController.swift */ = {isa = PBXFileReference; lastKnownFileType = sourcecode.swift; path = ViewController.swift; sourceTree = "<group>"; };
		00877802264D53C500296662 /* Base */ = {isa = PBXFileReference; lastKnownFileType = file.storyboard; name = Base; path = Base.lproj/Main.storyboard; sourceTree = "<group>"; };
		00877804264D53C700296662 /* Assets.xcassets */ = {isa = PBXFileReference; lastKnownFileType = folder.assetcatalog; path = Assets.xcassets; sourceTree = "<group>"; };
		00877807264D53C700296662 /* Base */ = {isa = PBXFileReference; lastKnownFileType = file.storyboard; name = Base; path = Base.lproj/LaunchScreen.storyboard; sourceTree = "<group>"; };
		00877809264D53C700296662 /* Info.plist */ = {isa = PBXFileReference; lastKnownFileType = text.plist.xml; path = Info.plist; sourceTree = "<group>"; };
		00877810264D561A00296662 /* CookCreateViewController.swift */ = {isa = PBXFileReference; lastKnownFileType = sourcecode.swift; path = CookCreateViewController.swift; sourceTree = "<group>"; };
		00877815264D5A0100296662 /* CoreData_HomeWork.xcdatamodel */ = {isa = PBXFileReference; lastKnownFileType = wrapper.xcdatamodel; path = CoreData_HomeWork.xcdatamodel; sourceTree = "<group>"; };
/* End PBXFileReference section */

/* Begin PBXFrameworksBuildPhase section */
		008777F5264D53C500296662 /* Frameworks */ = {
			isa = PBXFrameworksBuildPhase;
			buildActionMask = 2147483647;
			files = (
			);
			runOnlyForDeploymentPostprocessing = 0;
		};
/* End PBXFrameworksBuildPhase section */

/* Begin PBXGroup section */
		008777EF264D53C500296662 = {
			isa = PBXGroup;
			children = (
				008777FA264D53C500296662 /* CoreData_HomeWork */,
				008777F9264D53C500296662 /* Products */,
			);
			sourceTree = "<group>";
		};
		008777F9264D53C500296662 /* Products */ = {
			isa = PBXGroup;
			children = (
				008777F8264D53C500296662 /* CoreData_HomeWork.app */,
			);
			name = Products;
			sourceTree = "<group>";
		};
		008777FA264D53C500296662 /* CoreData_HomeWork */ = {
			isa = PBXGroup;
			children = (
				008777FB264D53C500296662 /* AppDelegate.swift */,
				008777FD264D53C500296662 /* SceneDelegate.swift */,
				008777FF264D53C500296662 /* ViewController.swift */,
				00877810264D561A00296662 /* CookCreateViewController.swift */,
				00877801264D53C500296662 /* Main.storyboard */,
				00877804264D53C700296662 /* Assets.xcassets */,
				00877806264D53C700296662 /* LaunchScreen.storyboard */,
				00877809264D53C700296662 /* Info.plist */,
				00877814264D5A0100296662 /* CoreData_HomeWork.xcdatamodeld */,
			);
			path = CoreData_HomeWork;
			sourceTree = "<group>";
		};
/* End PBXGroup section */

/* Begin PBXNativeTarget section */
		008777F7264D53C500296662 /* CoreData_HomeWork */ = {
			isa = PBXNativeTarget;
			buildConfigurationList = 0087780C264D53C700296662 /* Build configuration list for PBXNativeTarget "CoreData_HomeWork" */;
			buildPhases = (
				008777F4264D53C500296662 /* Sources */,
				008777F5264D53C500296662 /* Frameworks */,
				008777F6264D53C500296662 /* Resources */,
			);
			buildRules = (
			);
			dependencies = (
			);
			name = CoreData_HomeWork;
			productName = CoreData_HomeWork;
			productReference = 008777F8264D53C500296662 /* CoreData_HomeWork.app */;
			productType = "com.apple.product-type.application";
		};
/* End PBXNativeTarget section */

/* Begin PBXProject section */
		008777F0264D53C500296662 /* Project object */ = {
			isa = PBXProject;
			attributes = {
				LastSwiftUpdateCheck = 1230;
				LastUpgradeCheck = 1230;
				TargetAttributes = {
					008777F7264D53C500296662 = {
						CreatedOnToolsVersion = 12.3;
					};
				};
			};
			buildConfigurationList = 008777F3264D53C500296662 /* Build configuration list for PBXProject "CoreData_HomeWork" */;
			compatibilityVersion = "Xcode 9.3";
			developmentRegion = en;
			hasScannedForEncodings = 0;
			knownRegions = (
				en,
				Base,
			);
			mainGroup = 008777EF264D53C500296662;
			productRefGroup = 008777F9264D53C500296662 /* Products */;
			projectDirPath = "";
			projectRoot = "";
			targets = (
				008777F7264D53C500296662 /* CoreData_HomeWork */,
			);
		};
/* End PBXProject section */

/* Begin PBXResourcesBuildPhase section */
		008777F6264D53C500296662 /* Resources */ = {
			isa = PBXResourcesBuildPhase;
			buildActionMask = 2147483647;
			files = (
				00877808264D53C700296662 /* LaunchScreen.storyboard in Resources */,
				00877805264D53C700296662 /* Assets.xcassets in Resources */,
				00877803264D53C500296662 /* Main.storyboard in Resources */,
			);
			runOnlyForDeploymentPostprocessing = 0;
		};
/* End PBXResourcesBuildPhase section */

/* Begin PBXSourcesBuildPhase section */
		008777F4264D53C500296662 /* Sources */ = {
			isa = PBXSourcesBuildPhase;
			buildActionMask = 2147483647;
			files = (
				00877811264D561A00296662 /* CookCreateViewController.swift in Sources */,
				00877800264D53C500296662 /* ViewController.swift in Sources */,
				008777FC264D53C500296662 /* AppDelegate.swift in Sources */,
				008777FE264D53C500296662 /* SceneDelegate.swift in Sources */,
				00877816264D5A0100296662 /* CoreData_HomeWork.xcdatamodeld in Sources */,
			);
			runOnlyForDeploymentPostprocessing = 0;
		};
/* End PBXSourcesBuildPhase section */

/* Begin PBXVariantGroup section */
		00877801264D53C500296662 /* Main.storyboard */ = {
			isa = PBXVariantGroup;
			children = (
				00877802264D53C500296662 /* Base */,
			);
			name = Main.storyboard;
			sourceTree = "<group>";
		};
		00877806264D53C700296662 /* LaunchScreen.storyboard */ = {
			isa = PBXVariantGroup;
			children = (
				00877807264D53C700296662 /* Base */,
			);
			name = LaunchScreen.storyboard;
			sourceTree = "<group>";
		};
/* End PBXVariantGroup section */

/* Begin XCBuildConfiguration section */
		0087780A264D53C700296662 /* Debug */ = {
			isa = XCBuildConfiguration;
			buildSettings = {
				ALWAYS_SEARCH_USER_PATHS = NO;
				CLANG_ANALYZER_NONNULL = YES;
				CLANG_ANALYZER_NUMBER_OBJECT_CONVERSION = YES_AGGRESSIVE;
				CLANG_CXX_LANGUAGE_STANDARD = "gnu++14";
				CLANG_CXX_LIBRARY = "libc++";
				CLANG_ENABLE_MODULES = YES;
				CLANG_ENABLE_OBJC_ARC = YES;
				CLANG_ENABLE_OBJC_WEAK = YES;
				CLANG_WARN_BLOCK_CAPTURE_AUTORELEASING = YES;
				CLANG_WARN_BOOL_CONVERSION = YES;
				CLANG_WARN_COMMA = YES;
				CLANG_WARN_CONSTANT_CONVERSION = YES;
				CLANG_WARN_DEPRECATED_OBJC_IMPLEMENTATIONS = YES;
				CLANG_WARN_DIRECT_OBJC_ISA_USAGE = YES_ERROR;
				CLANG_WARN_DOCUMENTATION_COMMENTS = YES;
				CLANG_WARN_EMPTY_BODY = YES;
				CLANG_WARN_ENUM_CONVERSION = YES;
				CLANG_WARN_INFINITE_RECURSION = YES;
				CLANG_WARN_INT_CONVERSION = YES;
				CLANG_WARN_NON_LITERAL_NULL_CONVERSION = YES;
				CLANG_WARN_OBJC_IMPLICIT_RETAIN_SELF = YES;
				CLANG_WARN_OBJC_LITERAL_CONVERSION = YES;
				CLANG_WARN_OBJC_ROOT_CLASS = YES_ERROR;
				CLANG_WARN_QUOTED_INCLUDE_IN_FRAMEWORK_HEADER = YES;
				CLANG_WARN_RANGE_LOOP_ANALYSIS = YES;
				CLANG_WARN_STRICT_PROTOTYPES = YES;
				CLANG_WARN_SUSPICIOUS_MOVE = YES;
				CLANG_WARN_UNGUARDED_AVAILABILITY = YES_AGGRESSIVE;
				CLANG_WARN_UNREACHABLE_CODE = YES;
				CLANG_WARN__DUPLICATE_METHOD_MATCH = YES;
				COPY_PHASE_STRIP = NO;
				DEBUG_INFORMATION_FORMAT = dwarf;
				ENABLE_STRICT_OBJC_MSGSEND = YES;
				ENABLE_TESTABILITY = YES;
				GCC_C_LANGUAGE_STANDARD = gnu11;
				GCC_DYNAMIC_NO_PIC = NO;
				GCC_NO_COMMON_BLOCKS = YES;
				GCC_OPTIMIZATION_LEVEL = 0;
				GCC_PREPROCESSOR_DEFINITIONS = (
					"DEBUG=1",
					"$(inherited)",
				);
				GCC_WARN_64_TO_32_BIT_CONVERSION = YES;
				GCC_WARN_ABOUT_RETURN_TYPE = YES_ERROR;
				GCC_WARN_UNDECLARED_SELECTOR = YES;
				GCC_WARN_UNINITIALIZED_AUTOS = YES_AGGRESSIVE;
				GCC_WARN_UNUSED_FUNCTION = YES;
				GCC_WARN_UNUSED_VARIABLE = YES;
				IPHONEOS_DEPLOYMENT_TARGET = 14.3;
				MTL_ENABLE_DEBUG_INFO = INCLUDE_SOURCE;
				MTL_FAST_MATH = YES;
				ONLY_ACTIVE_ARCH = YES;
				SDKROOT = iphoneos;
				SWIFT_ACTIVE_COMPILATION_CONDITIONS = DEBUG;
				SWIFT_OPTIMIZATION_LEVEL = "-Onone";
			};
			name = Debug;
		};
		0087780B264D53C700296662 /* Release */ = {
			isa = XCBuildConfiguration;
			buildSettings = {
				ALWAYS_SEARCH_USER_PATHS = NO;
				CLANG_ANALYZER_NONNULL = YES;
				CLANG_ANALYZER_NUMBER_OBJECT_CONVERSION = YES_AGGRESSIVE;
				CLANG_CXX_LANGUAGE_STANDARD = "gnu++14";
				CLANG_CXX_LIBRARY = "libc++";
				CLANG_ENABLE_MODULES = YES;
				CLANG_ENABLE_OBJC_ARC = YES;
				CLANG_ENABLE_OBJC_WEAK = YES;
				CLANG_WARN_BLOCK_CAPTURE_AUTORELEASING = YES;
				CLANG_WARN_BOOL_CONVERSION = YES;
				CLANG_WARN_COMMA = YES;
				CLANG_WARN_CONSTANT_CONVERSION = YES;
				CLANG_WARN_DEPRECATED_OBJC_IMPLEMENTATIONS = YES;
				CLANG_WARN_DIRECT_OBJC_ISA_USAGE = YES_ERROR;
				CLANG_WARN_DOCUMENTATION_COMMENTS = YES;
				CLANG_WARN_EMPTY_BODY = YES;
				CLANG_WARN_ENUM_CONVERSION = YES;
				CLANG_WARN_INFINITE_RECURSION = YES;
				CLANG_WARN_INT_CONVERSION = YES;
				CLANG_WARN_NON_LITERAL_NULL_CONVERSION = YES;
				CLANG_WARN_OBJC_IMPLICIT_RETAIN_SELF = YES;
				CLANG_WARN_OBJC_LITERAL_CONVERSION = YES;
				CLANG_WARN_OBJC_ROOT_CLASS = YES_ERROR;
				CLANG_WARN_QUOTED_INCLUDE_IN_FRAMEWORK_HEADER = YES;
				CLANG_WARN_RANGE_LOOP_ANALYSIS = YES;
				CLANG_WARN_STRICT_PROTOTYPES = YES;
				CLANG_WARN_SUSPICIOUS_MOVE = YES;
				CLANG_WARN_UNGUARDED_AVAILABILITY = YES_AGGRESSIVE;
				CLANG_WARN_UNREACHABLE_CODE = YES;
				CLANG_WARN__DUPLICATE_METHOD_MATCH = YES;
				COPY_PHASE_STRIP = NO;
				DEBUG_INFORMATION_FORMAT = "dwarf-with-dsym";
				ENABLE_NS_ASSERTIONS = NO;
				ENABLE_STRICT_OBJC_MSGSEND = YES;
				GCC_C_LANGUAGE_STANDARD = gnu11;
				GCC_NO_COMMON_BLOCKS = YES;
				GCC_WARN_64_TO_32_BIT_CONVERSION = YES;
				GCC_WARN_ABOUT_RETURN_TYPE = YES_ERROR;
				GCC_WARN_UNDECLARED_SELECTOR = YES;
				GCC_WARN_UNINITIALIZED_AUTOS = YES_AGGRESSIVE;
				GCC_WARN_UNUSED_FUNCTION = YES;
				GCC_WARN_UNUSED_VARIABLE = YES;
				IPHONEOS_DEPLOYMENT_TARGET = 14.3;
				MTL_ENABLE_DEBUG_INFO = NO;
				MTL_FAST_MATH = YES;
				SDKROOT = iphoneos;
				SWIFT_COMPILATION_MODE = wholemodule;
				SWIFT_OPTIMIZATION_LEVEL = "-O";
				VALIDATE_PRODUCT = YES;
			};
			name = Release;
		};
		0087780D264D53C700296662 /* Debug */ = {
			isa = XCBuildConfiguration;
			buildSettings = {
				ASSETCATALOG_COMPILER_APPICON_NAME = AppIcon;
				ASSETCATALOG_COMPILER_GLOBAL_ACCENT_COLOR_NAME = AccentColor;
				CODE_SIGN_STYLE = Automatic;
				DEVELOPMENT_TEAM = 3L38MGWJ6L;
				INFOPLIST_FILE = CoreData_HomeWork/Info.plist;
				LD_RUNPATH_SEARCH_PATHS = (
					"$(inherited)",
					"@executable_path/Frameworks",
				);
				PRODUCT_BUNDLE_IDENTIFIER = "com.dogus.CoreData-HomeWork";
				PRODUCT_NAME = "$(TARGET_NAME)";
				SWIFT_VERSION = 5.0;
				TARGETED_DEVICE_FAMILY = "1,2";
			};
			name = Debug;
		};
		0087780E264D53C700296662 /* Release */ = {
			isa = XCBuildConfiguration;
			buildSettings = {
				ASSETCATALOG_COMPILER_APPICON_NAME = AppIcon;
				ASSETCATALOG_COMPILER_GLOBAL_ACCENT_COLOR_NAME = AccentColor;
				CODE_SIGN_STYLE = Automatic;
				DEVELOPMENT_TEAM = 3L38MGWJ6L;
				INFOPLIST_FILE = CoreData_HomeWork/Info.plist;
				LD_RUNPATH_SEARCH_PATHS = (
					"$(inherited)",
					"@executable_path/Frameworks",
				);
				PRODUCT_BUNDLE_IDENTIFIER = "com.dogus.CoreData-HomeWork";
				PRODUCT_NAME = "$(TARGET_NAME)";
				SWIFT_VERSION = 5.0;
				TARGETED_DEVICE_FAMILY = "1,2";
			};
			name = Release;
		};
/* End XCBuildConfiguration section */

/* Begin XCConfigurationList section */
		008777F3264D53C500296662 /* Build configuration list for PBXProject "CoreData_HomeWork" */ = {
			isa = XCConfigurationList;
			buildConfigurations = (
				0087780A264D53C700296662 /* Debug */,
				0087780B264D53C700296662 /* Release */,
			);
			defaultConfigurationIsVisible = 0;
			defaultConfigurationName = Release;
		};
		0087780C264D53C700296662 /* Build configuration list for PBXNativeTarget "CoreData_HomeWork" */ = {
			isa = XCConfigurationList;
			buildConfigurations = (
				0087780D264D53C700296662 /* Debug */,
				0087780E264D53C700296662 /* Release */,
			);
			defaultConfigurationIsVisible = 0;
			defaultConfigurationName = Release;
		};
/* End XCConfigurationList section */

/* Begin XCVersionGroup section */
		00877814264D5A0100296662 /* CoreData_HomeWork.xcdatamodeld */ = {
			isa = XCVersionGroup;
			children = (
				00877815264D5A0100296662 /* CoreData_HomeWork.xcdatamodel */,
			);
			currentVersion = 00877815264D5A0100296662 /* CoreData_HomeWork.xcdatamodel */;
			path = CoreData_HomeWork.xcdatamodeld;
			sourceTree = "<group>";
			versionGroupType = wrapper.xcdatamodel;
		};
/* End XCVersionGroup section */
	};
	rootObject = 008777F0264D53C500296662 /* Project object */;
}
